GEM
  remote: http://rubygems.org/
  specs:
    activesupport (7.1.1)
      base64
      bigdecimal
      concurrent-ruby (~> 1.0, >= 1.0.2)
      connection_pool (>= 2.2.5)
      drb
      i18n (>= 1.6, < 2)
      minitest (>= 5.1)
      mutex_m
      tzinfo (~> 2.0)
    ansi (1.5.0)
    aws-eventstream (1.2.0)
    aws-partitions (1.636.0)
    aws-sdk-core (3.154.0)
      aws-eventstream (~> 1, >= 1.0.2)
      aws-partitions (~> 1, >= 1.525.0)
      aws-sigv4 (~> 1.1)
      jmespath (~> 1, >= 1.6.1)
    aws-sdk-kms (1.58.0)
      aws-sdk-core (~> 3, >= 3.127.0)
      aws-sigv4 (~> 1.1)
    aws-sdk-s3 (1.114.0)
      aws-sdk-core (~> 3, >= 3.127.0)
      aws-sdk-kms (~> 1)
      aws-sigv4 (~> 1.4)
    aws-sigv4 (1.5.1)
      aws-eventstream (~> 1, >= 1.0.2)
    base64 (0.2.0)
    bcrypt (3.1.18)
    bigdecimal (3.1.4)
    concurrent-ruby (1.1.10)
    connection_pool (2.4.1)
    daemons (1.4.1)
    dentaku (3.5.0)
      concurrent-ruby
    diff-lcs (1.5.0)
    diffy (3.4.2)
    drb (2.2.0)
      ruby2_keywords
    em-websocket (0.5.3)
      eventmachine (>= 0.12.9)
      http_parser.rb (~> 0)
    erubis (2.7.0)
    eventmachine (1.2.7)
    ffi (1.15.5)
    handlebars-engine (0.3.3)
      handlebars-source
      mini_racer
    handlebars-source (4.7.7)
    hiredis (0.6.3)
    htmlentities (4.3.4)
    http_parser.rb (0.8.0)
    i18n (1.14.1)
      concurrent-ruby (~> 1.0)
    jmespath (1.6.1)
    json (2.3.1)
    libv8-node (16.10.0.0-arm64-darwin)
    libv8-node (16.10.0.0-x86_64-linux)
    log4r (1.1.10)
    mini_racer (0.6.3)
      libv8-node (~> 16.10.0.0)
    minitest (5.20.0)
    mustermann (2.0.2)
      ruby2_keywords (~> 0.0.1)
    mutex_m (0.2.0)
    nest (3.2.0)
      redic
    ohm (3.1.1)
      nest (~> 3)
      redic (~> 1.5.0)
      stal
    ox (2.14.11)
    rack (2.2.8)
    rack-protection (2.2.4)
      rack
    rake (12.3.3)
    redcarpet (3.5.1)
    redic (1.5.3)
      hiredis
    rspec (3.12.0)
      rspec-core (~> 3.12.0)
      rspec-expectations (~> 3.12.0)
      rspec-mocks (~> 3.12.0)
    rspec-core (3.12.2)
      rspec-support (~> 3.12.0)
    rspec-expectations (3.12.3)
      diff-lcs (>= 1.2.0, < 2.0)
      rspec-support (~> 3.12.0)
    rspec-mocks (3.12.6)
      diff-lcs (>= 1.2.0, < 2.0)
      rspec-support (~> 3.12.0)
    rspec-support (3.12.1)
    ruby2_keywords (0.0.5)
    rubyzip (1.3.0)
    sassc (2.4.0)
      ffi (~> 1.9)
    sinatra (2.2.4)
      mustermann (~> 2.0)
      rack (~> 2.2)
      rack-protection (= 2.2.4)
      tilt (~> 2.0)
    sinatra-cross_origin (0.4.0)
    stal (0.3.0)
      redic (~> 1.5)
    thin (1.8.1)
      daemons (~> 1.0, >= 1.0.9)
      eventmachine (~> 1.0, >= 1.0.4)
      rack (>= 1, < 3)
    tilt (2.3.0)
    timezone (1.2.12)
    tzinfo (2.0.6)
      concurrent-ruby (~> 1.0)

PLATFORMS
  arm64-darwin-22
  x86_64-linux

DEPENDENCIES
  activesupport (>= 6.1.7)
  ansi (~> 1.5)
  aws-sdk-s3 (~> 1.114)
  bcrypt (~> 3.1.11)
  dentaku (~> 3.1)
  diff-lcs (~> 1.3)
  diffy (~> 3.4.1)
  em-websocket (~> 0.5)
  erubis (~> 2.7.0)
  eventmachine (~> 1.2.7)
  handlebars-engine (~> 0.3)
  htmlentities (~> 4.3.4)
  i18n (~> 1.14)
  json (~> 2.3.1)
  log4r (~> 1.1.10)
  ohm (~> 3.1.1)
  ox (>= 2.14.11)
  rack (>= 2.2.6)
  rake (~> 12.3)
  redcarpet (~> 3.5.1)
  rspec (~> 3.12)
  rubyzip (~> 1.3.0)
  sassc (~> 2.4.0)
  sinatra (~> 2.2.3)
  sinatra-cross_origin (~> 0.4.0)
  thin (~> 1.8.1)
  timezone (~> 1.2.10)

BUNDLED WITH
   2.3.22
